
Microsoft Visual Studio Solution File, Format Version 12.00
# Visual Studio Version 17
VisualStudioVersion = 17.7.34031.279
MinimumVisualStudioVersion = 10.0.40219.1
Project("{8BC9CEB8-8B4A-11D0-8D11-00A0C91BC942}") = "string_constants", "string\string_constants\string_constants.vcxproj", "{E218CEAA-1321-47E8-A4BF-ACF41209C59C}"
EndProject
Project("{8BC9CEB8-8B4A-11D0-8D11-00A0C91BC942}") = "short_string_optimization", "string\short_string_optimization\short_string_optimization.vcxproj", "{8B93C33E-2D89-4E05-8BA6-0F6BD43C6FDC}"
EndProject
Project("{2150E333-8FDC-42A3-9474-1A3956D46DE8}") = "string", "string", "{5C44BF0B-C43F-446A-914D-C79125F43DB3}"
EndProject
Project("{2150E333-8FDC-42A3-9474-1A3956D46DE8}") = "filesystem", "filesystem", "{8BD7283B-B4A2-4136-9142-CA0B2D72413D}"
EndProject
Project("{8BC9CEB8-8B4A-11D0-8D11-00A0C91BC942}") = "list_executable_files", "filesystem\list_executable_files\list_executable_files.vcxproj", "{C2A5A167-0801-4411-B5E9-4EEA2E03EF46}"
EndProject
Project("{2150E333-8FDC-42A3-9474-1A3956D46DE8}") = "libraries", "libraries", "{031F44E8-1EA6-45AA-AA21-264F8370B5E7}"
EndProject
Project("{2150E333-8FDC-42A3-9474-1A3956D46DE8}") = "json", "json", "{6AB6F86F-74AD-4CB0-A5FD-7FB06CB43825}"
EndProject
Project("{2150E333-8FDC-42A3-9474-1A3956D46DE8}") = "jsoncpp_example", "jsoncpp_example", "{885B8179-20C0-4CBB-BAB7-0400C8BD65D5}"
	ProjectSection(SolutionItems) = preProject
		jsoncpp_setup_guide.md = jsoncpp_setup_guide.md
	EndProjectSection
EndProject
Project("{8BC9CEB8-8B4A-11D0-8D11-00A0C91BC942}") = "json_type_conversion_example.cpp", "libraries\json\jsoncpp_examples\json_type_conversion_example.cpp\json_type_conversion_example.cpp.vcxproj", "{97F4D6D2-FC1C-49C1-AAAC-0BAC96F9369B}"
EndProject
Project("{2150E333-8FDC-42A3-9474-1A3956D46DE8}") = "file_io", "file_io", "{DE27C76E-C099-46A1-836A-C05FBC1FB1D7}"
EndProject
Project("{8BC9CEB8-8B4A-11D0-8D11-00A0C91BC942}") = "file_encoding_example", "file_io\file_encoding_example\file_encoding_example.vcxproj", "{059F3809-FF5A-4B74-952A-624D8CE095FD}"
EndProject
Global
	GlobalSection(SolutionConfigurationPlatforms) = preSolution
		Debug|x64 = Debug|x64
		Debug|x86 = Debug|x86
		Release|x64 = Release|x64
		Release|x86 = Release|x86
	EndGlobalSection
	GlobalSection(ProjectConfigurationPlatforms) = postSolution
		{E218CEAA-1321-47E8-A4BF-ACF41209C59C}.Debug|x64.ActiveCfg = Debug|x64
		{E218CEAA-1321-47E8-A4BF-ACF41209C59C}.Debug|x64.Build.0 = Debug|x64
		{E218CEAA-1321-47E8-A4BF-ACF41209C59C}.Debug|x86.ActiveCfg = Debug|Win32
		{E218CEAA-1321-47E8-A4BF-ACF41209C59C}.Debug|x86.Build.0 = Debug|Win32
		{E218CEAA-1321-47E8-A4BF-ACF41209C59C}.Release|x64.ActiveCfg = Release|x64
		{E218CEAA-1321-47E8-A4BF-ACF41209C59C}.Release|x64.Build.0 = Release|x64
		{E218CEAA-1321-47E8-A4BF-ACF41209C59C}.Release|x86.ActiveCfg = Release|Win32
		{E218CEAA-1321-47E8-A4BF-ACF41209C59C}.Release|x86.Build.0 = Release|Win32
		{8B93C33E-2D89-4E05-8BA6-0F6BD43C6FDC}.Debug|x64.ActiveCfg = Debug|x64
		{8B93C33E-2D89-4E05-8BA6-0F6BD43C6FDC}.Debug|x64.Build.0 = Debug|x64
		{8B93C33E-2D89-4E05-8BA6-0F6BD43C6FDC}.Debug|x86.ActiveCfg = Debug|Win32
		{8B93C33E-2D89-4E05-8BA6-0F6BD43C6FDC}.Debug|x86.Build.0 = Debug|Win32
		{8B93C33E-2D89-4E05-8BA6-0F6BD43C6FDC}.Release|x64.ActiveCfg = Release|x64
		{8B93C33E-2D89-4E05-8BA6-0F6BD43C6FDC}.Release|x64.Build.0 = Release|x64
		{8B93C33E-2D89-4E05-8BA6-0F6BD43C6FDC}.Release|x86.ActiveCfg = Release|Win32
		{8B93C33E-2D89-4E05-8BA6-0F6BD43C6FDC}.Release|x86.Build.0 = Release|Win32
		{C2A5A167-0801-4411-B5E9-4EEA2E03EF46}.Debug|x64.ActiveCfg = Debug|x64
		{C2A5A167-0801-4411-B5E9-4EEA2E03EF46}.Debug|x64.Build.0 = Debug|x64
		{C2A5A167-0801-4411-B5E9-4EEA2E03EF46}.Debug|x86.ActiveCfg = Debug|Win32
		{C2A5A167-0801-4411-B5E9-4EEA2E03EF46}.Debug|x86.Build.0 = Debug|Win32
		{C2A5A167-0801-4411-B5E9-4EEA2E03EF46}.Release|x64.ActiveCfg = Release|x64
		{C2A5A167-0801-4411-B5E9-4EEA2E03EF46}.Release|x64.Build.0 = Release|x64
		{C2A5A167-0801-4411-B5E9-4EEA2E03EF46}.Release|x86.ActiveCfg = Release|Win32
		{C2A5A167-0801-4411-B5E9-4EEA2E03EF46}.Release|x86.Build.0 = Release|Win32
		{97F4D6D2-FC1C-49C1-AAAC-0BAC96F9369B}.Debug|x64.ActiveCfg = Debug|x64
		{97F4D6D2-FC1C-49C1-AAAC-0BAC96F9369B}.Debug|x64.Build.0 = Debug|x64
		{97F4D6D2-FC1C-49C1-AAAC-0BAC96F9369B}.Debug|x86.ActiveCfg = Debug|Win32
		{97F4D6D2-FC1C-49C1-AAAC-0BAC96F9369B}.Debug|x86.Build.0 = Debug|Win32
		{97F4D6D2-FC1C-49C1-AAAC-0BAC96F9369B}.Release|x64.ActiveCfg = Release|x64
		{97F4D6D2-FC1C-49C1-AAAC-0BAC96F9369B}.Release|x64.Build.0 = Release|x64
		{97F4D6D2-FC1C-49C1-AAAC-0BAC96F9369B}.Release|x86.ActiveCfg = Release|Win32
		{97F4D6D2-FC1C-49C1-AAAC-0BAC96F9369B}.Release|x86.Build.0 = Release|Win32
		{059F3809-FF5A-4B74-952A-624D8CE095FD}.Debug|x64.ActiveCfg = Debug|x64
		{059F3809-FF5A-4B74-952A-624D8CE095FD}.Debug|x64.Build.0 = Debug|x64
		{059F3809-FF5A-4B74-952A-624D8CE095FD}.Debug|x86.ActiveCfg = Debug|Win32
		{059F3809-FF5A-4B74-952A-624D8CE095FD}.Debug|x86.Build.0 = Debug|Win32
		{059F3809-FF5A-4B74-952A-624D8CE095FD}.Release|x64.ActiveCfg = Release|x64
		{059F3809-FF5A-4B74-952A-624D8CE095FD}.Release|x64.Build.0 = Release|x64
		{059F3809-FF5A-4B74-952A-624D8CE095FD}.Release|x86.ActiveCfg = Release|Win32
		{059F3809-FF5A-4B74-952A-624D8CE095FD}.Release|x86.Build.0 = Release|Win32
	EndGlobalSection
	GlobalSection(SolutionProperties) = preSolution
		HideSolutionNode = FALSE
	EndGlobalSection
	GlobalSection(NestedProjects) = preSolution
		{E218CEAA-1321-47E8-A4BF-ACF41209C59C} = {5C44BF0B-C43F-446A-914D-C79125F43DB3}
		{8B93C33E-2D89-4E05-8BA6-0F6BD43C6FDC} = {5C44BF0B-C43F-446A-914D-C79125F43DB3}
		{C2A5A167-0801-4411-B5E9-4EEA2E03EF46} = {8BD7283B-B4A2-4136-9142-CA0B2D72413D}
		{6AB6F86F-74AD-4CB0-A5FD-7FB06CB43825} = {031F44E8-1EA6-45AA-AA21-264F8370B5E7}
		{885B8179-20C0-4CBB-BAB7-0400C8BD65D5} = {6AB6F86F-74AD-4CB0-A5FD-7FB06CB43825}
		{97F4D6D2-FC1C-49C1-AAAC-0BAC96F9369B} = {885B8179-20C0-4CBB-BAB7-0400C8BD65D5}
		{059F3809-FF5A-4B74-952A-624D8CE095FD} = {DE27C76E-C099-46A1-836A-C05FBC1FB1D7}
	EndGlobalSection
	GlobalSection(ExtensibilityGlobals) = postSolution
		SolutionGuid = {BF46CD4B-AFA4-4992-B56C-C55B4C20FB8D}
	EndGlobalSection
EndGlobal
